
Microsoft Visual Studio Solution File, Format Version 12.00
# Visual Studio Version 17
VisualStudioVersion = 17.10.34928.147
MinimumVisualStudioVersion = 10.0.40219.1
Project("{2150E333-8FDC-42A3-9474-1A3956D46DE8}") = "src", "src", "{EB5AB360-1889-4DB2-BF5F-310B4A706882}"
EndProject
Project("{2150E333-8FDC-42A3-9474-1A3956D46DE8}") = "test", "test", "{FDAC1914-15FC-49D0-8BBF-24D08C9BEC5F}"
EndProject
Project("{9A19103F-16F7-4668-BE54-9A1E7A4F7556}") = "Bookify.Domain", "src\Bookify.Domain\Bookify.Domain.csproj", "{47E5E17C-AF29-45E6-852D-41279EDBA080}"
EndProject
Project("{9A19103F-16F7-4668-BE54-9A1E7A4F7556}") = "Bookify.Application", "src\Bookify.Application\Bookify.Application.csproj", "{760270F2-8D66-4F54-ACDA-EA884844DBAE}"
EndProject
Project("{FAE04EC0-301F-11D3-BF4B-00C04F79EFBC}") = "Bookify.Infrastructure", "src\Bookify.Infrastructure\Bookify.Infrastructure.csproj", "{CEBFA8C1-68E4-48EB-BE54-F01F4EECE3B0}"
EndProject
Global
	GlobalSection(SolutionConfigurationPlatforms) = preSolution
		Debug|Any CPU = Debug|Any CPU
		Release|Any CPU = Release|Any CPU
	EndGlobalSection
	GlobalSection(ProjectConfigurationPlatforms) = postSolution
		{47E5E17C-AF29-45E6-852D-41279EDBA080}.Debug|Any CPU.ActiveCfg = Debug|Any CPU
		{47E5E17C-AF29-45E6-852D-41279EDBA080}.Debug|Any CPU.Build.0 = Debug|Any CPU
		{47E5E17C-AF29-45E6-852D-41279EDBA080}.Release|Any CPU.ActiveCfg = Release|Any CPU
		{47E5E17C-AF29-45E6-852D-41279EDBA080}.Release|Any CPU.Build.0 = Release|Any CPU
		{760270F2-8D66-4F54-ACDA-EA884844DBAE}.Debug|Any CPU.ActiveCfg = Debug|Any CPU
		{760270F2-8D66-4F54-ACDA-EA884844DBAE}.Debug|Any CPU.Build.0 = Debug|Any CPU
		{760270F2-8D66-4F54-ACDA-EA884844DBAE}.Release|Any CPU.ActiveCfg = Release|Any CPU
		{760270F2-8D66-4F54-ACDA-EA884844DBAE}.Release|Any CPU.Build.0 = Release|Any CPU
		{CEBFA8C1-68E4-48EB-BE54-F01F4EECE3B0}.Debug|Any CPU.ActiveCfg = Debug|Any CPU
		{CEBFA8C1-68E4-48EB-BE54-F01F4EECE3B0}.Debug|Any CPU.Build.0 = Debug|Any CPU
		{CEBFA8C1-68E4-48EB-BE54-F01F4EECE3B0}.Release|Any CPU.ActiveCfg = Release|Any CPU
		{CEBFA8C1-68E4-48EB-BE54-F01F4EECE3B0}.Release|Any CPU.Build.0 = Release|Any CPU
	EndGlobalSection
	GlobalSection(SolutionProperties) = preSolution
		HideSolutionNode = FALSE
	EndGlobalSection
	GlobalSection(NestedProjects) = preSolution
		{47E5E17C-AF29-45E6-852D-41279EDBA080} = {EB5AB360-1889-4DB2-BF5F-310B4A706882}
		{760270F2-8D66-4F54-ACDA-EA884844DBAE} = {EB5AB360-1889-4DB2-BF5F-310B4A706882}
		{CEBFA8C1-68E4-48EB-BE54-F01F4EECE3B0} = {EB5AB360-1889-4DB2-BF5F-310B4A706882}
	EndGlobalSection
	GlobalSection(ExtensibilityGlobals) = postSolution
		SolutionGuid = {849D6D04-DA36-4084-A667-672379151593}
	EndGlobalSection
EndGlobal
